
Microsoft Visual Studio Solution File, Format Version 12.00
# Visual Studio Version 17
VisualStudioVersion = 17.0.31903.59
MinimumVisualStudioVersion = 10.0.40219.1
Project("{2150E333-8FDC-42A3-9474-1A3956D46DE8}") = "User.Microservice", "User.Microservice", "{2C6AFFC0-B340-4B5C-9762-3DA26AE84965}"
EndProject
Project("{2150E333-8FDC-42A3-9474-1A3956D46DE8}") = "src", "src", "{802A1162-233A-4CFC-842F-D94894E209C4}"
EndProject
Project("{FAE04EC0-301F-11D3-BF4B-00C04F79EFBC}") = "WebApi", "User.Microservice\src\WebApi\WebApi.csproj", "{A2FCA48F-CDCA-4C49-BB60-6A0D4035BF25}"
EndProject
Project("{FAE04EC0-301F-11D3-BF4B-00C04F79EFBC}") = "Domain", "User.Microservice\src\Domain\Domain.csproj", "{68DDED90-E49B-40AB-9877-739AF1D6C3DD}"
EndProject
Project("{FAE04EC0-301F-11D3-BF4B-00C04F79EFBC}") = "Application", "User.Microservice\src\Application\Application.csproj", "{E3FA3796-4EFB-45C7-86F8-4431F46AB7F8}"
EndProject
Project("{FAE04EC0-301F-11D3-BF4B-00C04F79EFBC}") = "Infrastructure", "User.Microservice\src\Infrastructure\Infrastructure.csproj", "{1CDF0A91-3DEC-4700-BD7F-792A244EE8F7}"
EndProject
Project("{FAE04EC0-301F-11D3-BF4B-00C04F79EFBC}") = "SharedLibrary", "SharedLibrary\SharedLibrary.csproj", "{F379A7C2-9A5A-4521-9957-AE08783F2048}"
EndProject
Project("{2150E333-8FDC-42A3-9474-1A3956D46DE8}") = "ApiGateway", "ApiGateway", "{25D181DD-5CC9-F0B3-C64F-91E1AA77FD70}"
EndProject
Project("{FAE04EC0-301F-11D3-BF4B-00C04F79EFBC}") = "src", "ApiGateway\src\src.csproj", "{505A2D98-C084-4077-999D-A635DA2AB2E5}"
EndProject
Project("{2150E333-8FDC-42A3-9474-1A3956D46DE8}") = "Ai.Microservice", "Ai.Microservice", "{AD5A107C-40B5-D50E-685A-1FC4E1A379F0}"
EndProject
Project("{2150E333-8FDC-42A3-9474-1A3956D46DE8}") = "src", "src", "{92B71F08-51D4-0723-62D9-13FF75699663}"
EndProject
Project("{FAE04EC0-301F-11D3-BF4B-00C04F79EFBC}") = "Application", "Ai.Microservice\src\Application\Application.csproj", "{EDAF2CBD-A7A0-4BE4-A0AB-596410B5A686}"
EndProject
Project("{FAE04EC0-301F-11D3-BF4B-00C04F79EFBC}") = "Domain", "Ai.Microservice\src\Domain\Domain.csproj", "{504B2834-BE29-41B4-8FA8-5394014D2339}"
EndProject
Project("{FAE04EC0-301F-11D3-BF4B-00C04F79EFBC}") = "Infrastructure", "Ai.Microservice\src\Infrastructure\Infrastructure.csproj", "{9FE93D74-355F-42EB-A39F-DA0E341BA041}"
EndProject
Project("{FAE04EC0-301F-11D3-BF4B-00C04F79EFBC}") = "WebApi", "Ai.Microservice\src\WebApi\WebApi.csproj", "{5C6665A1-11BC-40C3-ADD1-AF9B4DB97BB3}"
EndProject
Project("{FAE04EC0-301F-11D3-BF4B-00C04F79EFBC}") = "test", "Ai.Microservice\test\test.csproj", "{2D5CC8F4-05CA-476F-8383-85373C01911F}"
EndProject
Project("{2150E333-8FDC-42A3-9474-1A3956D46DE8}") = "Book.Microservice", "Book.Microservice", "{052DF2E6-A9D7-4D88-BCEB-6154347D07E9}"
EndProject
Project("{2150E333-8FDC-42A3-9474-1A3956D46DE8}") = "src", "src", "{76E35C2B-5212-4AF1-892F-DD605BB9BC37}"
EndProject
Project("{FAE04EC0-301F-11D3-BF4B-00C04F79EFBC}") = "Domain", "Book.Microservice\src\Domain\Domain.csproj", "{3A40E625-BF59-4EAF-BB2A-E8CA9401412A}"
EndProject
Project("{FAE04EC0-301F-11D3-BF4B-00C04F79EFBC}") = "Application", "Book.Microservice\src\Application\Application.csproj", "{3CB6680B-F6EC-4F4C-914C-A6F75D220D30}"
EndProject
Project("{FAE04EC0-301F-11D3-BF4B-00C04F79EFBC}") = "Infrastructure", "Book.Microservice\src\Infrastructure\Infrastructure.csproj", "{D0525E67-A03A-4321-A3AE-B5F6674ED661}"
EndProject
Project("{FAE04EC0-301F-11D3-BF4B-00C04F79EFBC}") = "WebApi", "Book.Microservice\src\WebApi\WebApi.csproj", "{20D18CEB-741F-4AB4-9143-C0AC53F8D037}"
EndProject
Project("{FAE04EC0-301F-11D3-BF4B-00C04F79EFBC}") = "test", "Book.Microservice\test\test.csproj", "{8C2F44F1-19F5-4BCF-8A87-7476BB4AD015}"
EndProject
Global
	GlobalSection(SolutionConfigurationPlatforms) = preSolution
		Debug|Any CPU = Debug|Any CPU
		Debug|x64 = Debug|x64
		Debug|x86 = Debug|x86
		Release|Any CPU = Release|Any CPU
		Release|x64 = Release|x64
		Release|x86 = Release|x86
	EndGlobalSection
	GlobalSection(ProjectConfigurationPlatforms) = postSolution
		{A2FCA48F-CDCA-4C49-BB60-6A0D4035BF25}.Debug|Any CPU.ActiveCfg = Debug|Any CPU
		{A2FCA48F-CDCA-4C49-BB60-6A0D4035BF25}.Debug|Any CPU.Build.0 = Debug|Any CPU
		{A2FCA48F-CDCA-4C49-BB60-6A0D4035BF25}.Debug|x64.ActiveCfg = Debug|Any CPU
		{A2FCA48F-CDCA-4C49-BB60-6A0D4035BF25}.Debug|x64.Build.0 = Debug|Any CPU
		{A2FCA48F-CDCA-4C49-BB60-6A0D4035BF25}.Debug|x86.ActiveCfg = Debug|Any CPU
		{A2FCA48F-CDCA-4C49-BB60-6A0D4035BF25}.Debug|x86.Build.0 = Debug|Any CPU
		{A2FCA48F-CDCA-4C49-BB60-6A0D4035BF25}.Release|Any CPU.ActiveCfg = Release|Any CPU
		{A2FCA48F-CDCA-4C49-BB60-6A0D4035BF25}.Release|Any CPU.Build.0 = Release|Any CPU
		{A2FCA48F-CDCA-4C49-BB60-6A0D4035BF25}.Release|x64.ActiveCfg = Release|Any CPU
		{A2FCA48F-CDCA-4C49-BB60-6A0D4035BF25}.Release|x64.Build.0 = Release|Any CPU
		{A2FCA48F-CDCA-4C49-BB60-6A0D4035BF25}.Release|x86.ActiveCfg = Release|Any CPU
		{A2FCA48F-CDCA-4C49-BB60-6A0D4035BF25}.Release|x86.Build.0 = Release|Any CPU
		{68DDED90-E49B-40AB-9877-739AF1D6C3DD}.Debug|Any CPU.ActiveCfg = Debug|Any CPU
		{68DDED90-E49B-40AB-9877-739AF1D6C3DD}.Debug|Any CPU.Build.0 = Debug|Any CPU
		{68DDED90-E49B-40AB-9877-739AF1D6C3DD}.Debug|x64.ActiveCfg = Debug|Any CPU
		{68DDED90-E49B-40AB-9877-739AF1D6C3DD}.Debug|x64.Build.0 = Debug|Any CPU
		{68DDED90-E49B-40AB-9877-739AF1D6C3DD}.Debug|x86.ActiveCfg = Debug|Any CPU
		{68DDED90-E49B-40AB-9877-739AF1D6C3DD}.Debug|x86.Build.0 = Debug|Any CPU
		{68DDED90-E49B-40AB-9877-739AF1D6C3DD}.Release|Any CPU.ActiveCfg = Release|Any CPU
		{68DDED90-E49B-40AB-9877-739AF1D6C3DD}.Release|Any CPU.Build.0 = Release|Any CPU
		{68DDED90-E49B-40AB-9877-739AF1D6C3DD}.Release|x64.ActiveCfg = Release|Any CPU
		{68DDED90-E49B-40AB-9877-739AF1D6C3DD}.Release|x64.Build.0 = Release|Any CPU
		{68DDED90-E49B-40AB-9877-739AF1D6C3DD}.Release|x86.ActiveCfg = Release|Any CPU
		{68DDED90-E49B-40AB-9877-739AF1D6C3DD}.Release|x86.Build.0 = Release|Any CPU
		{E3FA3796-4EFB-45C7-86F8-4431F46AB7F8}.Debug|Any CPU.ActiveCfg = Debug|Any CPU
		{E3FA3796-4EFB-45C7-86F8-4431F46AB7F8}.Debug|Any CPU.Build.0 = Debug|Any CPU
		{E3FA3796-4EFB-45C7-86F8-4431F46AB7F8}.Debug|x64.ActiveCfg = Debug|Any CPU
		{E3FA3796-4EFB-45C7-86F8-4431F46AB7F8}.Debug|x64.Build.0 = Debug|Any CPU
		{E3FA3796-4EFB-45C7-86F8-4431F46AB7F8}.Debug|x86.ActiveCfg = Debug|Any CPU
		{E3FA3796-4EFB-45C7-86F8-4431F46AB7F8}.Debug|x86.Build.0 = Debug|Any CPU
		{E3FA3796-4EFB-45C7-86F8-4431F46AB7F8}.Release|Any CPU.ActiveCfg = Release|Any CPU
		{E3FA3796-4EFB-45C7-86F8-4431F46AB7F8}.Release|Any CPU.Build.0 = Release|Any CPU
		{E3FA3796-4EFB-45C7-86F8-4431F46AB7F8}.Release|x64.ActiveCfg = Release|Any CPU
		{E3FA3796-4EFB-45C7-86F8-4431F46AB7F8}.Release|x64.Build.0 = Release|Any CPU
		{E3FA3796-4EFB-45C7-86F8-4431F46AB7F8}.Release|x86.ActiveCfg = Release|Any CPU
		{E3FA3796-4EFB-45C7-86F8-4431F46AB7F8}.Release|x86.Build.0 = Release|Any CPU
		{1CDF0A91-3DEC-4700-BD7F-792A244EE8F7}.Debug|Any CPU.ActiveCfg = Debug|Any CPU
		{1CDF0A91-3DEC-4700-BD7F-792A244EE8F7}.Debug|Any CPU.Build.0 = Debug|Any CPU
		{1CDF0A91-3DEC-4700-BD7F-792A244EE8F7}.Debug|x64.ActiveCfg = Debug|Any CPU
		{1CDF0A91-3DEC-4700-BD7F-792A244EE8F7}.Debug|x64.Build.0 = Debug|Any CPU
		{1CDF0A91-3DEC-4700-BD7F-792A244EE8F7}.Debug|x86.ActiveCfg = Debug|Any CPU
		{1CDF0A91-3DEC-4700-BD7F-792A244EE8F7}.Debug|x86.Build.0 = Debug|Any CPU
		{1CDF0A91-3DEC-4700-BD7F-792A244EE8F7}.Release|Any CPU.ActiveCfg = Release|Any CPU
		{1CDF0A91-3DEC-4700-BD7F-792A244EE8F7}.Release|Any CPU.Build.0 = Release|Any CPU
		{1CDF0A91-3DEC-4700-BD7F-792A244EE8F7}.Release|x64.ActiveCfg = Release|Any CPU
		{1CDF0A91-3DEC-4700-BD7F-792A244EE8F7}.Release|x64.Build.0 = Release|Any CPU
		{1CDF0A91-3DEC-4700-BD7F-792A244EE8F7}.Release|x86.ActiveCfg = Release|Any CPU
		{1CDF0A91-3DEC-4700-BD7F-792A244EE8F7}.Release|x86.Build.0 = Release|Any CPU
		{F379A7C2-9A5A-4521-9957-AE08783F2048}.Debug|Any CPU.ActiveCfg = Debug|Any CPU
		{F379A7C2-9A5A-4521-9957-AE08783F2048}.Debug|Any CPU.Build.0 = Debug|Any CPU
		{F379A7C2-9A5A-4521-9957-AE08783F2048}.Debug|x64.ActiveCfg = Debug|Any CPU
		{F379A7C2-9A5A-4521-9957-AE08783F2048}.Debug|x64.Build.0 = Debug|Any CPU
		{F379A7C2-9A5A-4521-9957-AE08783F2048}.Debug|x86.ActiveCfg = Debug|Any CPU
		{F379A7C2-9A5A-4521-9957-AE08783F2048}.Debug|x86.Build.0 = Debug|Any CPU
		{F379A7C2-9A5A-4521-9957-AE08783F2048}.Release|Any CPU.ActiveCfg = Release|Any CPU
		{F379A7C2-9A5A-4521-9957-AE08783F2048}.Release|Any CPU.Build.0 = Release|Any CPU
		{F379A7C2-9A5A-4521-9957-AE08783F2048}.Release|x64.ActiveCfg = Release|Any CPU
		{F379A7C2-9A5A-4521-9957-AE08783F2048}.Release|x64.Build.0 = Release|Any CPU
		{F379A7C2-9A5A-4521-9957-AE08783F2048}.Release|x86.ActiveCfg = Release|Any CPU
		{F379A7C2-9A5A-4521-9957-AE08783F2048}.Release|x86.Build.0 = Release|Any CPU
		{505A2D98-C084-4077-999D-A635DA2AB2E5}.Debug|Any CPU.ActiveCfg = Debug|Any CPU
		{505A2D98-C084-4077-999D-A635DA2AB2E5}.Debug|Any CPU.Build.0 = Debug|Any CPU
		{505A2D98-C084-4077-999D-A635DA2AB2E5}.Debug|x64.ActiveCfg = Debug|Any CPU
		{505A2D98-C084-4077-999D-A635DA2AB2E5}.Debug|x64.Build.0 = Debug|Any CPU
		{505A2D98-C084-4077-999D-A635DA2AB2E5}.Debug|x86.ActiveCfg = Debug|Any CPU
		{505A2D98-C084-4077-999D-A635DA2AB2E5}.Debug|x86.Build.0 = Debug|Any CPU
		{505A2D98-C084-4077-999D-A635DA2AB2E5}.Release|Any CPU.ActiveCfg = Release|Any CPU
		{505A2D98-C084-4077-999D-A635DA2AB2E5}.Release|Any CPU.Build.0 = Release|Any CPU
		{505A2D98-C084-4077-999D-A635DA2AB2E5}.Release|x64.ActiveCfg = Release|Any CPU
		{505A2D98-C084-4077-999D-A635DA2AB2E5}.Release|x64.Build.0 = Release|Any CPU
		{505A2D98-C084-4077-999D-A635DA2AB2E5}.Release|x86.ActiveCfg = Release|Any CPU
		{505A2D98-C084-4077-999D-A635DA2AB2E5}.Release|x86.Build.0 = Release|Any CPU
		{EDAF2CBD-A7A0-4BE4-A0AB-596410B5A686}.Debug|Any CPU.ActiveCfg = Debug|Any CPU
		{EDAF2CBD-A7A0-4BE4-A0AB-596410B5A686}.Debug|Any CPU.Build.0 = Debug|Any CPU
		{EDAF2CBD-A7A0-4BE4-A0AB-596410B5A686}.Debug|x64.ActiveCfg = Debug|Any CPU
		{EDAF2CBD-A7A0-4BE4-A0AB-596410B5A686}.Debug|x64.Build.0 = Debug|Any CPU
		{EDAF2CBD-A7A0-4BE4-A0AB-596410B5A686}.Debug|x86.ActiveCfg = Debug|Any CPU
		{EDAF2CBD-A7A0-4BE4-A0AB-596410B5A686}.Debug|x86.Build.0 = Debug|Any CPU
		{EDAF2CBD-A7A0-4BE4-A0AB-596410B5A686}.Release|Any CPU.ActiveCfg = Release|Any CPU
		{EDAF2CBD-A7A0-4BE4-A0AB-596410B5A686}.Release|Any CPU.Build.0 = Release|Any CPU
		{EDAF2CBD-A7A0-4BE4-A0AB-596410B5A686}.Release|x64.ActiveCfg = Release|Any CPU
		{EDAF2CBD-A7A0-4BE4-A0AB-596410B5A686}.Release|x64.Build.0 = Release|Any CPU
		{EDAF2CBD-A7A0-4BE4-A0AB-596410B5A686}.Release|x86.ActiveCfg = Release|Any CPU
		{EDAF2CBD-A7A0-4BE4-A0AB-596410B5A686}.Release|x86.Build.0 = Release|Any CPU
		{504B2834-BE29-41B4-8FA8-5394014D2339}.Debug|Any CPU.ActiveCfg = Debug|Any CPU
		{504B2834-BE29-41B4-8FA8-5394014D2339}.Debug|Any CPU.Build.0 = Debug|Any CPU
		{504B2834-BE29-41B4-8FA8-5394014D2339}.Debug|x64.ActiveCfg = Debug|Any CPU
		{504B2834-BE29-41B4-8FA8-5394014D2339}.Debug|x64.Build.0 = Debug|Any CPU
		{504B2834-BE29-41B4-8FA8-5394014D2339}.Debug|x86.ActiveCfg = Debug|Any CPU
		{504B2834-BE29-41B4-8FA8-5394014D2339}.Debug|x86.Build.0 = Debug|Any CPU
		{504B2834-BE29-41B4-8FA8-5394014D2339}.Release|Any CPU.ActiveCfg = Release|Any CPU
		{504B2834-BE29-41B4-8FA8-5394014D2339}.Release|Any CPU.Build.0 = Release|Any CPU
		{504B2834-BE29-41B4-8FA8-5394014D2339}.Release|x64.ActiveCfg = Release|Any CPU
		{504B2834-BE29-41B4-8FA8-5394014D2339}.Release|x64.Build.0 = Release|Any CPU
		{504B2834-BE29-41B4-8FA8-5394014D2339}.Release|x86.ActiveCfg = Release|Any CPU
		{504B2834-BE29-41B4-8FA8-5394014D2339}.Release|x86.Build.0 = Release|Any CPU
		{9FE93D74-355F-42EB-A39F-DA0E341BA041}.Debug|Any CPU.ActiveCfg = Debug|Any CPU
		{9FE93D74-355F-42EB-A39F-DA0E341BA041}.Debug|Any CPU.Build.0 = Debug|Any CPU
		{9FE93D74-355F-42EB-A39F-DA0E341BA041}.Debug|x64.ActiveCfg = Debug|Any CPU
		{9FE93D74-355F-42EB-A39F-DA0E341BA041}.Debug|x64.Build.0 = Debug|Any CPU
		{9FE93D74-355F-42EB-A39F-DA0E341BA041}.Debug|x86.ActiveCfg = Debug|Any CPU
		{9FE93D74-355F-42EB-A39F-DA0E341BA041}.Debug|x86.Build.0 = Debug|Any CPU
		{9FE93D74-355F-42EB-A39F-DA0E341BA041}.Release|Any CPU.ActiveCfg = Release|Any CPU
		{9FE93D74-355F-42EB-A39F-DA0E341BA041}.Release|Any CPU.Build.0 = Release|Any CPU
		{9FE93D74-355F-42EB-A39F-DA0E341BA041}.Release|x64.ActiveCfg = Release|Any CPU
		{9FE93D74-355F-42EB-A39F-DA0E341BA041}.Release|x64.Build.0 = Release|Any CPU
		{9FE93D74-355F-42EB-A39F-DA0E341BA041}.Release|x86.ActiveCfg = Release|Any CPU
		{9FE93D74-355F-42EB-A39F-DA0E341BA041}.Release|x86.Build.0 = Release|Any CPU
		{5C6665A1-11BC-40C3-ADD1-AF9B4DB97BB3}.Debug|Any CPU.ActiveCfg = Debug|Any CPU
		{5C6665A1-11BC-40C3-ADD1-AF9B4DB97BB3}.Debug|Any CPU.Build.0 = Debug|Any CPU
		{5C6665A1-11BC-40C3-ADD1-AF9B4DB97BB3}.Debug|x64.ActiveCfg = Debug|Any CPU
		{5C6665A1-11BC-40C3-ADD1-AF9B4DB97BB3}.Debug|x64.Build.0 = Debug|Any CPU
		{5C6665A1-11BC-40C3-ADD1-AF9B4DB97BB3}.Debug|x86.ActiveCfg = Debug|Any CPU
		{5C6665A1-11BC-40C3-ADD1-AF9B4DB97BB3}.Debug|x86.Build.0 = Debug|Any CPU
		{5C6665A1-11BC-40C3-ADD1-AF9B4DB97BB3}.Release|Any CPU.ActiveCfg = Release|Any CPU
		{5C6665A1-11BC-40C3-ADD1-AF9B4DB97BB3}.Release|Any CPU.Build.0 = Release|Any CPU
		{5C6665A1-11BC-40C3-ADD1-AF9B4DB97BB3}.Release|x64.ActiveCfg = Release|Any CPU
		{5C6665A1-11BC-40C3-ADD1-AF9B4DB97BB3}.Release|x64.Build.0 = Release|Any CPU
		{5C6665A1-11BC-40C3-ADD1-AF9B4DB97BB3}.Release|x86.ActiveCfg = Release|Any CPU
		{5C6665A1-11BC-40C3-ADD1-AF9B4DB97BB3}.Release|x86.Build.0 = Release|Any CPU
		{2D5CC8F4-05CA-476F-8383-85373C01911F}.Debug|Any CPU.ActiveCfg = Debug|Any CPU
		{2D5CC8F4-05CA-476F-8383-85373C01911F}.Debug|Any CPU.Build.0 = Debug|Any CPU
		{2D5CC8F4-05CA-476F-8383-85373C01911F}.Debug|x64.ActiveCfg = Debug|Any CPU
		{2D5CC8F4-05CA-476F-8383-85373C01911F}.Debug|x64.Build.0 = Debug|Any CPU
		{2D5CC8F4-05CA-476F-8383-85373C01911F}.Debug|x86.ActiveCfg = Debug|Any CPU
		{2D5CC8F4-05CA-476F-8383-85373C01911F}.Debug|x86.Build.0 = Debug|Any CPU
		{2D5CC8F4-05CA-476F-8383-85373C01911F}.Release|Any CPU.ActiveCfg = Release|Any CPU
		{2D5CC8F4-05CA-476F-8383-85373C01911F}.Release|Any CPU.Build.0 = Release|Any CPU
		{2D5CC8F4-05CA-476F-8383-85373C01911F}.Release|x64.ActiveCfg = Release|Any CPU
		{2D5CC8F4-05CA-476F-8383-85373C01911F}.Release|x64.Build.0 = Release|Any CPU
		{2D5CC8F4-05CA-476F-8383-85373C01911F}.Release|x86.ActiveCfg = Release|Any CPU
		{2D5CC8F4-05CA-476F-8383-85373C01911F}.Release|x86.Build.0 = Release|Any CPU
		{3A40E625-BF59-4EAF-BB2A-E8CA9401412A}.Debug|Any CPU.ActiveCfg = Debug|Any CPU
		{3A40E625-BF59-4EAF-BB2A-E8CA9401412A}.Debug|Any CPU.Build.0 = Debug|Any CPU
		{3A40E625-BF59-4EAF-BB2A-E8CA9401412A}.Debug|x64.ActiveCfg = Debug|Any CPU
		{3A40E625-BF59-4EAF-BB2A-E8CA9401412A}.Debug|x64.Build.0 = Debug|Any CPU
		{3A40E625-BF59-4EAF-BB2A-E8CA9401412A}.Debug|x86.ActiveCfg = Debug|Any CPU
		{3A40E625-BF59-4EAF-BB2A-E8CA9401412A}.Debug|x86.Build.0 = Debug|Any CPU
		{3A40E625-BF59-4EAF-BB2A-E8CA9401412A}.Release|Any CPU.ActiveCfg = Release|Any CPU
		{3A40E625-BF59-4EAF-BB2A-E8CA9401412A}.Release|Any CPU.Build.0 = Release|Any CPU
		{3A40E625-BF59-4EAF-BB2A-E8CA9401412A}.Release|x64.ActiveCfg = Release|Any CPU
		{3A40E625-BF59-4EAF-BB2A-E8CA9401412A}.Release|x64.Build.0 = Release|Any CPU
		{3A40E625-BF59-4EAF-BB2A-E8CA9401412A}.Release|x86.ActiveCfg = Release|Any CPU
		{3A40E625-BF59-4EAF-BB2A-E8CA9401412A}.Release|x86.Build.0 = Release|Any CPU
		{3CB6680B-F6EC-4F4C-914C-A6F75D220D30}.Debug|Any CPU.ActiveCfg = Debug|Any CPU
		{3CB6680B-F6EC-4F4C-914C-A6F75D220D30}.Debug|Any CPU.Build.0 = Debug|Any CPU
		{3CB6680B-F6EC-4F4C-914C-A6F75D220D30}.Debug|x64.ActiveCfg = Debug|Any CPU
		{3CB6680B-F6EC-4F4C-914C-A6F75D220D30}.Debug|x64.Build.0 = Debug|Any CPU
		{3CB6680B-F6EC-4F4C-914C-A6F75D220D30}.Debug|x86.ActiveCfg = Debug|Any CPU
		{3CB6680B-F6EC-4F4C-914C-A6F75D220D30}.Debug|x86.Build.0 = Debug|Any CPU
		{3CB6680B-F6EC-4F4C-914C-A6F75D220D30}.Release|Any CPU.ActiveCfg = Release|Any CPU
		{3CB6680B-F6EC-4F4C-914C-A6F75D220D30}.Release|Any CPU.Build.0 = Release|Any CPU
		{3CB6680B-F6EC-4F4C-914C-A6F75D220D30}.Release|x64.ActiveCfg = Release|Any CPU
		{3CB6680B-F6EC-4F4C-914C-A6F75D220D30}.Release|x64.Build.0 = Release|Any CPU
		{3CB6680B-F6EC-4F4C-914C-A6F75D220D30}.Release|x86.ActiveCfg = Release|Any CPU
		{3CB6680B-F6EC-4F4C-914C-A6F75D220D30}.Release|x86.Build.0 = Release|Any CPU
		{D0525E67-A03A-4321-A3AE-B5F6674ED661}.Debug|Any CPU.ActiveCfg = Debug|Any CPU
		{D0525E67-A03A-4321-A3AE-B5F6674ED661}.Debug|Any CPU.Build.0 = Debug|Any CPU
		{D0525E67-A03A-4321-A3AE-B5F6674ED661}.Debug|x64.ActiveCfg = Debug|Any CPU
		{D0525E67-A03A-4321-A3AE-B5F6674ED661}.Debug|x64.Build.0 = Debug|Any CPU
		{D0525E67-A03A-4321-A3AE-B5F6674ED661}.Debug|x86.ActiveCfg = Debug|Any CPU
		{D0525E67-A03A-4321-A3AE-B5F6674ED661}.Debug|x86.Build.0 = Debug|Any CPU
		{D0525E67-A03A-4321-A3AE-B5F6674ED661}.Release|Any CPU.ActiveCfg = Release|Any CPU
		{D0525E67-A03A-4321-A3AE-B5F6674ED661}.Release|Any CPU.Build.0 = Release|Any CPU
		{D0525E67-A03A-4321-A3AE-B5F6674ED661}.Release|x64.ActiveCfg = Release|Any CPU
		{D0525E67-A03A-4321-A3AE-B5F6674ED661}.Release|x64.Build.0 = Release|Any CPU
		{D0525E67-A03A-4321-A3AE-B5F6674ED661}.Release|x86.ActiveCfg = Release|Any CPU
		{D0525E67-A03A-4321-A3AE-B5F6674ED661}.Release|x86.Build.0 = Release|Any CPU
		{20D18CEB-741F-4AB4-9143-C0AC53F8D037}.Debug|Any CPU.ActiveCfg = Debug|Any CPU
		{20D18CEB-741F-4AB4-9143-C0AC53F8D037}.Debug|Any CPU.Build.0 = Debug|Any CPU
		{20D18CEB-741F-4AB4-9143-C0AC53F8D037}.Debug|x64.ActiveCfg = Debug|Any CPU
		{20D18CEB-741F-4AB4-9143-C0AC53F8D037}.Debug|x64.Build.0 = Debug|Any CPU
		{20D18CEB-741F-4AB4-9143-C0AC53F8D037}.Debug|x86.ActiveCfg = Debug|Any CPU
		{20D18CEB-741F-4AB4-9143-C0AC53F8D037}.Debug|x86.Build.0 = Debug|Any CPU
		{20D18CEB-741F-4AB4-9143-C0AC53F8D037}.Release|Any CPU.ActiveCfg = Release|Any CPU
		{20D18CEB-741F-4AB4-9143-C0AC53F8D037}.Release|Any CPU.Build.0 = Release|Any CPU
		{20D18CEB-741F-4AB4-9143-C0AC53F8D037}.Release|x64.ActiveCfg = Release|Any CPU
		{20D18CEB-741F-4AB4-9143-C0AC53F8D037}.Release|x64.Build.0 = Release|Any CPU
		{20D18CEB-741F-4AB4-9143-C0AC53F8D037}.Release|x86.ActiveCfg = Release|Any CPU
		{20D18CEB-741F-4AB4-9143-C0AC53F8D037}.Release|x86.Build.0 = Release|Any CPU
		{8C2F44F1-19F5-4BCF-8A87-7476BB4AD015}.Debug|Any CPU.ActiveCfg = Debug|Any CPU
		{8C2F44F1-19F5-4BCF-8A87-7476BB4AD015}.Debug|Any CPU.Build.0 = Debug|Any CPU
		{8C2F44F1-19F5-4BCF-8A87-7476BB4AD015}.Debug|x64.ActiveCfg = Debug|Any CPU
		{8C2F44F1-19F5-4BCF-8A87-7476BB4AD015}.Debug|x64.Build.0 = Debug|Any CPU
		{8C2F44F1-19F5-4BCF-8A87-7476BB4AD015}.Debug|x86.ActiveCfg = Debug|Any CPU
		{8C2F44F1-19F5-4BCF-8A87-7476BB4AD015}.Debug|x86.Build.0 = Debug|Any CPU
		{8C2F44F1-19F5-4BCF-8A87-7476BB4AD015}.Release|Any CPU.ActiveCfg = Release|Any CPU
		{8C2F44F1-19F5-4BCF-8A87-7476BB4AD015}.Release|Any CPU.Build.0 = Release|Any CPU
		{8C2F44F1-19F5-4BCF-8A87-7476BB4AD015}.Release|x64.ActiveCfg = Release|Any CPU
		{8C2F44F1-19F5-4BCF-8A87-7476BB4AD015}.Release|x64.Build.0 = Release|Any CPU
		{8C2F44F1-19F5-4BCF-8A87-7476BB4AD015}.Release|x86.ActiveCfg = Release|Any CPU
		{8C2F44F1-19F5-4BCF-8A87-7476BB4AD015}.Release|x86.Build.0 = Release|Any CPU
	EndGlobalSection
	GlobalSection(SolutionProperties) = preSolution
		HideSolutionNode = FALSE
	EndGlobalSection
	GlobalSection(NestedProjects) = preSolution
		{802A1162-233A-4CFC-842F-D94894E209C4} = {2C6AFFC0-B340-4B5C-9762-3DA26AE84965}
		{A2FCA48F-CDCA-4C49-BB60-6A0D4035BF25} = {802A1162-233A-4CFC-842F-D94894E209C4}
		{68DDED90-E49B-40AB-9877-739AF1D6C3DD} = {802A1162-233A-4CFC-842F-D94894E209C4}
		{E3FA3796-4EFB-45C7-86F8-4431F46AB7F8} = {802A1162-233A-4CFC-842F-D94894E209C4}
		{1CDF0A91-3DEC-4700-BD7F-792A244EE8F7} = {802A1162-233A-4CFC-842F-D94894E209C4}
		{505A2D98-C084-4077-999D-A635DA2AB2E5} = {25D181DD-5CC9-F0B3-C64F-91E1AA77FD70}
		{92B71F08-51D4-0723-62D9-13FF75699663} = {AD5A107C-40B5-D50E-685A-1FC4E1A379F0}
		{EDAF2CBD-A7A0-4BE4-A0AB-596410B5A686} = {92B71F08-51D4-0723-62D9-13FF75699663}
		{504B2834-BE29-41B4-8FA8-5394014D2339} = {92B71F08-51D4-0723-62D9-13FF75699663}
		{9FE93D74-355F-42EB-A39F-DA0E341BA041} = {92B71F08-51D4-0723-62D9-13FF75699663}
		{5C6665A1-11BC-40C3-ADD1-AF9B4DB97BB3} = {92B71F08-51D4-0723-62D9-13FF75699663}
		{2D5CC8F4-05CA-476F-8383-85373C01911F} = {AD5A107C-40B5-D50E-685A-1FC4E1A379F0}
		{76E35C2B-5212-4AF1-892F-DD605BB9BC37} = {052DF2E6-A9D7-4D88-BCEB-6154347D07E9}
		{3A40E625-BF59-4EAF-BB2A-E8CA9401412A} = {76E35C2B-5212-4AF1-892F-DD605BB9BC37}
		{3CB6680B-F6EC-4F4C-914C-A6F75D220D30} = {76E35C2B-5212-4AF1-892F-DD605BB9BC37}
		{D0525E67-A03A-4321-A3AE-B5F6674ED661} = {76E35C2B-5212-4AF1-892F-DD605BB9BC37}
		{20D18CEB-741F-4AB4-9143-C0AC53F8D037} = {76E35C2B-5212-4AF1-892F-DD605BB9BC37}
		{8C2F44F1-19F5-4BCF-8A87-7476BB4AD015} = {052DF2E6-A9D7-4D88-BCEB-6154347D07E9}
	EndGlobalSection
EndGlobal
